
Microsoft Visual Studio Solution File, Format Version 12.00
# Visual Studio Version 17
Project("{8BC9CEB8-8B4A-11D0-8D11-00A0C91BC942}") = "ALL_BUILD", "ALL_BUILD.vcxproj", "{65AE59E6-2FC9-354A-878B-3EC02CA174F0}"
	ProjectSection(ProjectDependencies) = postProject
		{AFEF3A29-C9F1-3157-A9FF-D3051B221742} = {AFEF3A29-C9F1-3157-A9FF-D3051B221742}
		{81C63626-9B3D-30EE-BA35-9AA5A3655AF2} = {81C63626-9B3D-30EE-BA35-9AA5A3655AF2}
		{FB89C1D1-E0EC-3DEE-8676-910875E8EA7F} = {FB89C1D1-E0EC-3DEE-8676-910875E8EA7F}
		{0ABFEF76-228C-351A-BF52-3D9B6440B090} = {0ABFEF76-228C-351A-BF52-3D9B6440B090}
		{7BF2F527-9FFF-331F-BD78-96E92B9B6236} = {7BF2F527-9FFF-331F-BD78-96E92B9B6236}
		{A83D35E6-80C4-32C5-8ED3-D4CA29B1D206} = {A83D35E6-80C4-32C5-8ED3-D4CA29B1D206}
		{7D772FE4-FED7-336E-9926-92628D98735C} = {7D772FE4-FED7-336E-9926-92628D98735C}
		{8876AE26-4E37-3D6A-B1CA-BB3B5E8DCAAC} = {8876AE26-4E37-3D6A-B1CA-BB3B5E8DCAAC}
	EndProjectSection
EndProject
Project("{8BC9CEB8-8B4A-11D0-8D11-00A0C91BC942}") = "RUN_TESTS", "RUN_TESTS.vcxproj", "{BF74DFD4-2E62-371F-A562-CC14E7248E9E}"
	ProjectSection(ProjectDependencies) = postProject
		{AFEF3A29-C9F1-3157-A9FF-D3051B221742} = {AFEF3A29-C9F1-3157-A9FF-D3051B221742}
	EndProjectSection
EndProject
Project("{8BC9CEB8-8B4A-11D0-8D11-00A0C91BC942}") = "ZERO_CHECK", "ZERO_CHECK.vcxproj", "{AFEF3A29-C9F1-3157-A9FF-D3051B221742}"
	ProjectSection(ProjectDependencies) = postProject
	EndProjectSection
EndProject
Project("{8BC9CEB8-8B4A-11D0-8D11-00A0C91BC942}") = "gemmafit_bridge", "gemmafit_bridge.vcxproj", "{81C63626-9B3D-30EE-BA35-9AA5A3655AF2}"
	ProjectSection(ProjectDependencies) = postProject
		{AFEF3A29-C9F1-3157-A9FF-D3051B221742} = {AFEF3A29-C9F1-3157-A9FF-D3051B221742}
		{FB89C1D1-E0EC-3DEE-8676-910875E8EA7F} = {FB89C1D1-E0EC-3DEE-8676-910875E8EA7F}
	EndProjectSection
EndProject
Project("{8BC9CEB8-8B4A-11D0-8D11-00A0C91BC942}") = "gemmafit_kinematics", "gemmafit_kinematics.vcxproj", "{FB89C1D1-E0EC-3DEE-8676-910875E8EA7F}"
	ProjectSection(ProjectDependencies) = postProject
		{AFEF3A29-C9F1-3157-A9FF-D3051B221742} = {AFEF3A29-C9F1-3157-A9FF-D3051B221742}
	EndProjectSection
EndProject
Project("{8BC9CEB8-8B4A-11D0-8D11-00A0C91BC942}") = "test_com_tracker", "test_com_tracker.vcxproj", "{0ABFEF76-228C-351A-BF52-3D9B6440B090}"
	ProjectSection(ProjectDependencies) = postProject
		{AFEF3A29-C9F1-3157-A9FF-D3051B221742} = {AFEF3A29-C9F1-3157-A9FF-D3051B221742}
		{FB89C1D1-E0EC-3DEE-8676-910875E8EA7F} = {FB89C1D1-E0EC-3DEE-8676-910875E8EA7F}
	EndProjectSection
EndProject
Project("{8BC9CEB8-8B4A-11D0-8D11-00A0C91BC942}") = "test_kinematics_pipeline", "test_kinematics_pipeline.vcxproj", "{7BF2F527-9FFF-331F-BD78-96E92B9B6236}"
	ProjectSection(ProjectDependencies) = postProject
		{AFEF3A29-C9F1-3157-A9FF-D3051B221742} = {AFEF3A29-C9F1-3157-A9FF-D3051B221742}
		{FB89C1D1-E0EC-3DEE-8676-910875E8EA7F} = {FB89C1D1-E0EC-3DEE-8676-910875E8EA7F}
	EndProjectSection
EndProject
Project("{8BC9CEB8-8B4A-11D0-8D11-00A0C91BC942}") = "test_motion_quality", "test_motion_quality.vcxproj", "{A83D35E6-80C4-32C5-8ED3-D4CA29B1D206}"
	ProjectSection(ProjectDependencies) = postProject
		{AFEF3A29-C9F1-3157-A9FF-D3051B221742} = {AFEF3A29-C9F1-3157-A9FF-D3051B221742}
		{FB89C1D1-E0EC-3DEE-8676-910875E8EA7F} = {FB89C1D1-E0EC-3DEE-8676-910875E8EA7F}
	EndProjectSection
EndProject
Project("{8BC9CEB8-8B4A-11D0-8D11-00A0C91BC942}") = "test_safety_monitor", "test_safety_monitor.vcxproj", "{7D772FE4-FED7-336E-9926-92628D98735C}"
	ProjectSection(ProjectDependencies) = postProject
		{AFEF3A29-C9F1-3157-A9FF-D3051B221742} = {AFEF3A29-C9F1-3157-A9FF-D3051B221742}
		{FB89C1D1-E0EC-3DEE-8676-910875E8EA7F} = {FB89C1D1-E0EC-3DEE-8676-910875E8EA7F}
	EndProjectSection
EndProject
Project("{8BC9CEB8-8B4A-11D0-8D11-00A0C91BC942}") = "test_subject_selector", "test_subject_selector.vcxproj", "{8876AE26-4E37-3D6A-B1CA-BB3B5E8DCAAC}"
	ProjectSection(ProjectDependencies) = postProject
		{AFEF3A29-C9F1-3157-A9FF-D3051B221742} = {AFEF3A29-C9F1-3157-A9FF-D3051B221742}
		{FB89C1D1-E0EC-3DEE-8676-910875E8EA7F} = {FB89C1D1-E0EC-3DEE-8676-910875E8EA7F}
	EndProjectSection
EndProject
Global
	GlobalSection(SolutionConfigurationPlatforms) = preSolution
		Debug|x64 = Debug|x64
		Release|x64 = Release|x64
		MinSizeRel|x64 = MinSizeRel|x64
		RelWithDebInfo|x64 = RelWithDebInfo|x64
	EndGlobalSection
	GlobalSection(ProjectConfigurationPlatforms) = postSolution
		{65AE59E6-2FC9-354A-878B-3EC02CA174F0}.Debug|x64.ActiveCfg = Debug|x64
		{65AE59E6-2FC9-354A-878B-3EC02CA174F0}.Release|x64.ActiveCfg = Release|x64
		{65AE59E6-2FC9-354A-878B-3EC02CA174F0}.MinSizeRel|x64.ActiveCfg = MinSizeRel|x64
		{65AE59E6-2FC9-354A-878B-3EC02CA174F0}.RelWithDebInfo|x64.ActiveCfg = RelWithDebInfo|x64
		{BF74DFD4-2E62-371F-A562-CC14E7248E9E}.Debug|x64.ActiveCfg = Debug|x64
		{BF74DFD4-2E62-371F-A562-CC14E7248E9E}.Release|x64.ActiveCfg = Release|x64
		{BF74DFD4-2E62-371F-A562-CC14E7248E9E}.MinSizeRel|x64.ActiveCfg = MinSizeRel|x64
		{BF74DFD4-2E62-371F-A562-CC14E7248E9E}.RelWithDebInfo|x64.ActiveCfg = RelWithDebInfo|x64
		{AFEF3A29-C9F1-3157-A9FF-D3051B221742}.Debug|x64.ActiveCfg = Debug|x64
		{AFEF3A29-C9F1-3157-A9FF-D3051B221742}.Debug|x64.Build.0 = Debug|x64
		{AFEF3A29-C9F1-3157-A9FF-D3051B221742}.Release|x64.ActiveCfg = Release|x64
		{AFEF3A29-C9F1-3157-A9FF-D3051B221742}.Release|x64.Build.0 = Release|x64
		{AFEF3A29-C9F1-3157-A9FF-D3051B221742}.MinSizeRel|x64.ActiveCfg = MinSizeRel|x64
		{AFEF3A29-C9F1-3157-A9FF-D3051B221742}.MinSizeRel|x64.Build.0 = MinSizeRel|x64
		{AFEF3A29-C9F1-3157-A9FF-D3051B221742}.RelWithDebInfo|x64.ActiveCfg = RelWithDebInfo|x64
		{AFEF3A29-C9F1-3157-A9FF-D3051B221742}.RelWithDebInfo|x64.Build.0 = RelWithDebInfo|x64
		{81C63626-9B3D-30EE-BA35-9AA5A3655AF2}.Debug|x64.ActiveCfg = Debug|x64
		{81C63626-9B3D-30EE-BA35-9AA5A3655AF2}.Debug|x64.Build.0 = Debug|x64
		{81C63626-9B3D-30EE-BA35-9AA5A3655AF2}.Release|x64.ActiveCfg = Release|x64
		{81C63626-9B3D-30EE-BA35-9AA5A3655AF2}.Release|x64.Build.0 = Release|x64
		{81C63626-9B3D-30EE-BA35-9AA5A3655AF2}.MinSizeRel|x64.ActiveCfg = MinSizeRel|x64
		{81C63626-9B3D-30EE-BA35-9AA5A3655AF2}.MinSizeRel|x64.Build.0 = MinSizeRel|x64
		{81C63626-9B3D-30EE-BA35-9AA5A3655AF2}.RelWithDebInfo|x64.ActiveCfg = RelWithDebInfo|x64
		{81C63626-9B3D-30EE-BA35-9AA5A3655AF2}.RelWithDebInfo|x64.Build.0 = RelWithDebInfo|x64
		{FB89C1D1-E0EC-3DEE-8676-910875E8EA7F}.Debug|x64.ActiveCfg = Debug|x64
		{FB89C1D1-E0EC-3DEE-8676-910875E8EA7F}.Debug|x64.Build.0 = Debug|x64
		{FB89C1D1-E0EC-3DEE-8676-910875E8EA7F}.Release|x64.ActiveCfg = Release|x64
		{FB89C1D1-E0EC-3DEE-8676-910875E8EA7F}.Release|x64.Build.0 = Release|x64
		{FB89C1D1-E0EC-3DEE-8676-910875E8EA7F}.MinSizeRel|x64.ActiveCfg = MinSizeRel|x64
		{FB89C1D1-E0EC-3DEE-8676-910875E8EA7F}.MinSizeRel|x64.Build.0 = MinSizeRel|x64
		{FB89C1D1-E0EC-3DEE-8676-910875E8EA7F}.RelWithDebInfo|x64.ActiveCfg = RelWithDebInfo|x64
		{FB89C1D1-E0EC-3DEE-8676-910875E8EA7F}.RelWithDebInfo|x64.Build.0 = RelWithDebInfo|x64
		{0ABFEF76-228C-351A-BF52-3D9B6440B090}.Debug|x64.ActiveCfg = Debug|x64
		{0ABFEF76-228C-351A-BF52-3D9B6440B090}.Debug|x64.Build.0 = Debug|x64
		{0ABFEF76-228C-351A-BF52-3D9B6440B090}.Release|x64.ActiveCfg = Release|x64
		{0ABFEF76-228C-351A-BF52-3D9B6440B090}.Release|x64.Build.0 = Release|x64
		{0ABFEF76-228C-351A-BF52-3D9B6440B090}.MinSizeRel|x64.ActiveCfg = MinSizeRel|x64
		{0ABFEF76-228C-351A-BF52-3D9B6440B090}.MinSizeRel|x64.Build.0 = MinSizeRel|x64
		{0ABFEF76-228C-351A-BF52-3D9B6440B090}.RelWithDebInfo|x64.ActiveCfg = RelWithDebInfo|x64
		{0ABFEF76-228C-351A-BF52-3D9B6440B090}.RelWithDebInfo|x64.Build.0 = RelWithDebInfo|x64
		{7BF2F527-9FFF-331F-BD78-96E92B9B6236}.Debug|x64.ActiveCfg = Debug|x64
		{7BF2F527-9FFF-331F-BD78-96E92B9B6236}.Debug|x64.Build.0 = Debug|x64
		{7BF2F527-9FFF-331F-BD78-96E92B9B6236}.Release|x64.ActiveCfg = Release|x64
		{7BF2F527-9FFF-331F-BD78-96E92B9B6236}.Release|x64.Build.0 = Release|x64
		{7BF2F527-9FFF-331F-BD78-96E92B9B6236}.MinSizeRel|x64.ActiveCfg = MinSizeRel|x64
		{7BF2F527-9FFF-331F-BD78-96E92B9B6236}.MinSizeRel|x64.Build.0 = MinSizeRel|x64
		{7BF2F527-9FFF-331F-BD78-96E92B9B6236}.RelWithDebInfo|x64.ActiveCfg = RelWithDebInfo|x64
		{7BF2F527-9FFF-331F-BD78-96E92B9B6236}.RelWithDebInfo|x64.Build.0 = RelWithDebInfo|x64
		{A83D35E6-80C4-32C5-8ED3-D4CA29B1D206}.Debug|x64.ActiveCfg = Debug|x64
		{A83D35E6-80C4-32C5-8ED3-D4CA29B1D206}.Debug|x64.Build.0 = Debug|x64
		{A83D35E6-80C4-32C5-8ED3-D4CA29B1D206}.Release|x64.ActiveCfg = Release|x64
		{A83D35E6-80C4-32C5-8ED3-D4CA29B1D206}.Release|x64.Build.0 = Release|x64
		{A83D35E6-80C4-32C5-8ED3-D4CA29B1D206}.MinSizeRel|x64.ActiveCfg = MinSizeRel|x64
		{A83D35E6-80C4-32C5-8ED3-D4CA29B1D206}.MinSizeRel|x64.Build.0 = MinSizeRel|x64
		{A83D35E6-80C4-32C5-8ED3-D4CA29B1D206}.RelWithDebInfo|x64.ActiveCfg = RelWithDebInfo|x64
		{A83D35E6-80C4-32C5-8ED3-D4CA29B1D206}.RelWithDebInfo|x64.Build.0 = RelWithDebInfo|x64
		{7D772FE4-FED7-336E-9926-92628D98735C}.Debug|x64.ActiveCfg = Debug|x64
		{7D772FE4-FED7-336E-9926-92628D98735C}.Debug|x64.Build.0 = Debug|x64
		{7D772FE4-FED7-336E-9926-92628D98735C}.Release|x64.ActiveCfg = Release|x64
		{7D772FE4-FED7-336E-9926-92628D98735C}.Release|x64.Build.0 = Release|x64
		{7D772FE4-FED7-336E-9926-92628D98735C}.MinSizeRel|x64.ActiveCfg = MinSizeRel|x64
		{7D772FE4-FED7-336E-9926-92628D98735C}.MinSizeRel|x64.Build.0 = MinSizeRel|x64
		{7D772FE4-FED7-336E-9926-92628D98735C}.RelWithDebInfo|x64.ActiveCfg = RelWithDebInfo|x64
		{7D772FE4-FED7-336E-9926-92628D98735C}.RelWithDebInfo|x64.Build.0 = RelWithDebInfo|x64
		{8876AE26-4E37-3D6A-B1CA-BB3B5E8DCAAC}.Debug|x64.ActiveCfg = Debug|x64
		{8876AE26-4E37-3D6A-B1CA-BB3B5E8DCAAC}.Debug|x64.Build.0 = Debug|x64
		{8876AE26-4E37-3D6A-B1CA-BB3B5E8DCAAC}.Release|x64.ActiveCfg = Release|x64
		{8876AE26-4E37-3D6A-B1CA-BB3B5E8DCAAC}.Release|x64.Build.0 = Release|x64
		{8876AE26-4E37-3D6A-B1CA-BB3B5E8DCAAC}.MinSizeRel|x64.ActiveCfg = MinSizeRel|x64
		{8876AE26-4E37-3D6A-B1CA-BB3B5E8DCAAC}.MinSizeRel|x64.Build.0 = MinSizeRel|x64
		{8876AE26-4E37-3D6A-B1CA-BB3B5E8DCAAC}.RelWithDebInfo|x64.ActiveCfg = RelWithDebInfo|x64
		{8876AE26-4E37-3D6A-B1CA-BB3B5E8DCAAC}.RelWithDebInfo|x64.Build.0 = RelWithDebInfo|x64
	EndGlobalSection
	GlobalSection(ExtensibilityGlobals) = postSolution
		SolutionGuid = {5370FA73-EE57-35E1-ABF9-B918E296A1F3}
	EndGlobalSection
	GlobalSection(ExtensibilityAddIns) = postSolution
	EndGlobalSection
EndGlobal
